// !$*UTF8*$!
{
	archiveVersion = 1;
	classes = {
	};
	objectVersion = 50;
	objects = {

/* Begin PBXBuildFile section */
		505D2C5025E81E6E00B59786 /* VideoDescriptionTableViewController.swift in Sources */ = {isa = PBXBuildFile; fileRef = 505D2C4F25E81E6E00B59786 /* VideoDescriptionTableViewController.swift */; };
		509C402425E8F8480099524F /* VideoViewController.swift in Sources */ = {isa = PBXBuildFile; fileRef = 509C402325E8F8480099524F /* VideoViewController.swift */; };
		509C402825E907930099524F /* RecordingViewController.swift in Sources */ = {isa = PBXBuildFile; fileRef = 509C402725E907930099524F /* RecordingViewController.swift */; };
		50ADCC4125E6753C00B420E8 /* AppDelegate.swift in Sources */ = {isa = PBXBuildFile; fileRef = 50ADCC4025E6753C00B420E8 /* AppDelegate.swift */; };
		50ADCC4325E6753C00B420E8 /* SceneDelegate.swift in Sources */ = {isa = PBXBuildFile; fileRef = 50ADCC4225E6753C00B420E8 /* SceneDelegate.swift */; };
		50ADCC4825E6753C00B420E8 /* Main.storyboard in Resources */ = {isa = PBXBuildFile; fileRef = 50ADCC4625E6753C00B420E8 /* Main.storyboard */; };
		50ADCC4A25E6754500B420E8 /* Assets.xcassets in Resources */ = {isa = PBXBuildFile; fileRef = 50ADCC4925E6754500B420E8 /* Assets.xcassets */; };
		50ADCC4D25E6754500B420E8 /* LaunchScreen.storyboard in Resources */ = {isa = PBXBuildFile; fileRef = 50ADCC4B25E6754500B420E8 /* LaunchScreen.storyboard */; };
		50ADCC5725E67F9600B420E8 /* AudioViewController.swift in Sources */ = {isa = PBXBuildFile; fileRef = 50ADCC5625E67F9600B420E8 /* AudioViewController.swift */; };
		50ADCC6725E6904800B420E8 /* Model and Storage.swift in Sources */ = {isa = PBXBuildFile; fileRef = 50ADCC6625E6904800B420E8 /* Model and Storage.swift */; };
		50BAD8E725F6634300B2368B /* TheOffspring-DaysGoBy.mp3 in Resources */ = {isa = PBXBuildFile; fileRef = 50BAD8E225F6634200B2368B /* TheOffspring-DaysGoBy.mp3 */; };
		50BAD8E925F6634300B2368B /* PinkFloyd-WishYouWereHere.mp3 in Resources */ = {isa = PBXBuildFile; fileRef = 50BAD8E425F6634300B2368B /* PinkFloyd-WishYouWereHere.mp3 */; };
		50BAD8EA25F6634300B2368B /* ImagineDragons-monster.mp3 in Resources */ = {isa = PBXBuildFile; fileRef = 50BAD8E525F6634300B2368B /* ImagineDragons-monster.mp3 */; };
		50BAD8EB25F6634300B2368B /* Nirvana-Sappy.mp3 in Resources */ = {isa = PBXBuildFile; fileRef = 50BAD8E625F6634300B2368B /* Nirvana-Sappy.mp3 */; };
		50BAD8EF25F6636900B2368B /* Creedence-FortunateSon.mp3 in Resources */ = {isa = PBXBuildFile; fileRef = 50BAD8EE25F6636900B2368B /* Creedence-FortunateSon.mp3 */; };
/* End PBXBuildFile section */

/* Begin PBXFileReference section */
		505D2C4F25E81E6E00B59786 /* VideoDescriptionTableViewController.swift */ = {isa = PBXFileReference; lastKnownFileType = sourcecode.swift; path = VideoDescriptionTableViewController.swift; sourceTree = "<group>"; };
		509C402325E8F8480099524F /* VideoViewController.swift */ = {isa = PBXFileReference; lastKnownFileType = sourcecode.swift; path = VideoViewController.swift; sourceTree = "<group>"; };
		509C402725E907930099524F /* RecordingViewController.swift */ = {isa = PBXFileReference; lastKnownFileType = sourcecode.swift; path = RecordingViewController.swift; sourceTree = "<group>"; };
		50ADCC3D25E6753C00B420E8 /* MediaPlayer.app */ = {isa = PBXFileReference; explicitFileType = wrapper.application; includeInIndex = 0; path = MediaPlayer.app; sourceTree = BUILT_PRODUCTS_DIR; };
		50ADCC4025E6753C00B420E8 /* AppDelegate.swift */ = {isa = PBXFileReference; lastKnownFileType = sourcecode.swift; path = AppDelegate.swift; sourceTree = "<group>"; };
		50ADCC4225E6753C00B420E8 /* SceneDelegate.swift */ = {isa = PBXFileReference; lastKnownFileType = sourcecode.swift; path = SceneDelegate.swift; sourceTree = "<group>"; };
		50ADCC4725E6753C00B420E8 /* Base */ = {isa = PBXFileReference; lastKnownFileType = file.storyboard; name = Base; path = Base.lproj/Main.storyboard; sourceTree = "<group>"; };
		50ADCC4925E6754500B420E8 /* Assets.xcassets */ = {isa = PBXFileReference; lastKnownFileType = folder.assetcatalog; path = Assets.xcassets; sourceTree = "<group>"; };
		50ADCC4C25E6754500B420E8 /* Base */ = {isa = PBXFileReference; lastKnownFileType = file.storyboard; name = Base; path = Base.lproj/LaunchScreen.storyboard; sourceTree = "<group>"; };
		50ADCC4E25E6754500B420E8 /* Info.plist */ = {isa = PBXFileReference; lastKnownFileType = text.plist.xml; path = Info.plist; sourceTree = "<group>"; };
		50ADCC5625E67F9600B420E8 /* AudioViewController.swift */ = {isa = PBXFileReference; lastKnownFileType = sourcecode.swift; path = AudioViewController.swift; sourceTree = "<group>"; };
		50ADCC6625E6904800B420E8 /* Model and Storage.swift */ = {isa = PBXFileReference; lastKnownFileType = sourcecode.swift; path = "Model and Storage.swift"; sourceTree = "<group>"; };
		50BAD8E225F6634200B2368B /* TheOffspring-DaysGoBy.mp3 */ = {isa = PBXFileReference; lastKnownFileType = audio.mp3; path = "TheOffspring-DaysGoBy.mp3"; sourceTree = "<group>"; };
		50BAD8E425F6634300B2368B /* PinkFloyd-WishYouWereHere.mp3 */ = {isa = PBXFileReference; lastKnownFileType = audio.mp3; path = "PinkFloyd-WishYouWereHere.mp3"; sourceTree = "<group>"; };
		50BAD8E525F6634300B2368B /* ImagineDragons-monster.mp3 */ = {isa = PBXFileReference; lastKnownFileType = audio.mp3; path = "ImagineDragons-monster.mp3"; sourceTree = "<group>"; };
		50BAD8E625F6634300B2368B /* Nirvana-Sappy.mp3 */ = {isa = PBXFileReference; lastKnownFileType = audio.mp3; path = "Nirvana-Sappy.mp3"; sourceTree = "<group>"; };
		50BAD8EE25F6636900B2368B /* Creedence-FortunateSon.mp3 */ = {isa = PBXFileReference; lastKnownFileType = audio.mp3; path = "Creedence-FortunateSon.mp3"; sourceTree = "<group>"; };
/* End PBXFileReference section */

/* Begin PBXFrameworksBuildPhase section */
		50ADCC3A25E6753C00B420E8 /* Frameworks */ = {
			isa = PBXFrameworksBuildPhase;
			buildActionMask = 2147483647;
			files = (
			);
			runOnlyForDeploymentPostprocessing = 0;
		};
/* End PBXFrameworksBuildPhase section */

/* Begin PBXGroup section */
		50ADCC3425E6753C00B420E8 = {
			isa = PBXGroup;
			children = (
				50ADCC3F25E6753C00B420E8 /* MediaPlayer */,
				50ADCC3E25E6753C00B420E8 /* Products */,
			);
			sourceTree = "<group>";
		};
		50ADCC3E25E6753C00B420E8 /* Products */ = {
			isa = PBXGroup;
			children = (
				50ADCC3D25E6753C00B420E8 /* MediaPlayer.app */,
			);
			name = Products;
			sourceTree = "<group>";
		};
		50ADCC3F25E6753C00B420E8 /* MediaPlayer */ = {
			isa = PBXGroup;
			children = (
				50ADCC4025E6753C00B420E8 /* AppDelegate.swift */,
				50ADCC4225E6753C00B420E8 /* SceneDelegate.swift */,
				50ADCC6625E6904800B420E8 /* Model and Storage.swift */,
				50ADCC5625E67F9600B420E8 /* AudioViewController.swift */,
				505D2C4F25E81E6E00B59786 /* VideoDescriptionTableViewController.swift */,
				509C402325E8F8480099524F /* VideoViewController.swift */,
				509C402725E907930099524F /* RecordingViewController.swift */,
				50ADCC4625E6753C00B420E8 /* Main.storyboard */,
				50ADCC5A25E68D2700B420E8 /* Music */,
				50ADCC4925E6754500B420E8 /* Assets.xcassets */,
				50ADCC4B25E6754500B420E8 /* LaunchScreen.storyboard */,
				50ADCC4E25E6754500B420E8 /* Info.plist */,
			);
			path = MediaPlayer;
			sourceTree = "<group>";
		};
		50ADCC5A25E68D2700B420E8 /* Music */ = {
			isa = PBXGroup;
			children = (
				50BAD8EE25F6636900B2368B /* Creedence-FortunateSon.mp3 */,
				50BAD8E525F6634300B2368B /* ImagineDragons-monster.mp3 */,
				50BAD8E625F6634300B2368B /* Nirvana-Sappy.mp3 */,
				50BAD8E425F6634300B2368B /* PinkFloyd-WishYouWereHere.mp3 */,
				50BAD8E225F6634200B2368B /* TheOffspring-DaysGoBy.mp3 */,
			);
			path = Music;
			sourceTree = "<group>";
		};
/* End PBXGroup section */

/* Begin PBXNativeTarget section */
		50ADCC3C25E6753C00B420E8 /* MediaPlayer */ = {
			isa = PBXNativeTarget;
			buildConfigurationList = 50ADCC5125E6754500B420E8 /* Build configuration list for PBXNativeTarget "MediaPlayer" */;
			buildPhases = (
				50ADCC3925E6753C00B420E8 /* Sources */,
				50ADCC3A25E6753C00B420E8 /* Frameworks */,
				50ADCC3B25E6753C00B420E8 /* Resources */,
			);
			buildRules = (
			);
			dependencies = (
			);
			name = MediaPlayer;
			productName = MediaPlayer;
			productReference = 50ADCC3D25E6753C00B420E8 /* MediaPlayer.app */;
			productType = "com.apple.product-type.application";
		};
/* End PBXNativeTarget section */

/* Begin PBXProject section */
		50ADCC3525E6753C00B420E8 /* Project object */ = {
			isa = PBXProject;
			attributes = {
				LastSwiftUpdateCheck = 1220;
				LastUpgradeCheck = 1220;
				TargetAttributes = {
					50ADCC3C25E6753C00B420E8 = {
						CreatedOnToolsVersion = 12.2;
					};
				};
			};
			buildConfigurationList = 50ADCC3825E6753C00B420E8 /* Build configuration list for PBXProject "MediaPlayer" */;
			compatibilityVersion = "Xcode 9.3";
			developmentRegion = en;
			hasScannedForEncodings = 0;
			knownRegions = (
				en,
				Base,
			);
			mainGroup = 50ADCC3425E6753C00B420E8;
			productRefGroup = 50ADCC3E25E6753C00B420E8 /* Products */;
			projectDirPath = "";
			projectRoot = "";
			targets = (
				50ADCC3C25E6753C00B420E8 /* MediaPlayer */,
			);
		};
/* End PBXProject section */

/* Begin PBXResourcesBuildPhase section */
		50ADCC3B25E6753C00B420E8 /* Resources */ = {
			isa = PBXResourcesBuildPhase;
			buildActionMask = 2147483647;
			files = (
				50BAD8EB25F6634300B2368B /* Nirvana-Sappy.mp3 in Resources */,
				50BAD8EA25F6634300B2368B /* ImagineDragons-monster.mp3 in Resources */,
				50ADCC4D25E6754500B420E8 /* LaunchScreen.storyboard in Resources */,
				50BAD8EF25F6636900B2368B /* Creedence-FortunateSon.mp3 in Resources */,
				50BAD8E725F6634300B2368B /* TheOffspring-DaysGoBy.mp3 in Resources */,
				50ADCC4A25E6754500B420E8 /* Assets.xcassets in Resources */,
				50ADCC4825E6753C00B420E8 /* Main.storyboard in Resources */,
				50BAD8E925F6634300B2368B /* PinkFloyd-WishYouWereHere.mp3 in Resources */,
			);
			runOnlyForDeploymentPostprocessing = 0;
		};
/* End PBXResourcesBuildPhase section */

/* Begin PBXSourcesBuildPhase section */
		50ADCC3925E6753C00B420E8 /* Sources */ = {
			isa = PBXSourcesBuildPhase;
			buildActionMask = 2147483647;
			files = (
				50ADCC5725E67F9600B420E8 /* AudioViewController.swift in Sources */,
				505D2C5025E81E6E00B59786 /* VideoDescriptionTableViewController.swift in Sources */,
				509C402425E8F8480099524F /* VideoViewController.swift in Sources */,
				509C402825E907930099524F /* RecordingViewController.swift in Sources */,
				50ADCC4125E6753C00B420E8 /* AppDelegate.swift in Sources */,
				50ADCC4325E6753C00B420E8 /* SceneDelegate.swift in Sources */,
				50ADCC6725E6904800B420E8 /* Model and Storage.swift in Sources */,
			);
			runOnlyForDeploymentPostprocessing = 0;
		};
/* End PBXSourcesBuildPhase section */

/* Begin PBXVariantGroup section */
		50ADCC4625E6753C00B420E8 /* Main.storyboard */ = {
			isa = PBXVariantGroup;
			children = (
				50ADCC4725E6753C00B420E8 /* Base */,
			);
			name = Main.storyboard;
			sourceTree = "<group>";
		};
		50ADCC4B25E6754500B420E8 /* LaunchScreen.storyboard */ = {
			isa = PBXVariantGroup;
			children = (
				50ADCC4C25E6754500B420E8 /* Base */,
			);
			name = LaunchScreen.storyboard;
			sourceTree = "<group>";
		};
/* End PBXVariantGroup section */

/* Begin XCBuildConfiguration section */
		50ADCC4F25E6754500B420E8 /* Debug */ = {
			isa = XCBuildConfiguration;
			buildSettings = {
				ALWAYS_SEARCH_USER_PATHS = NO;
				CLANG_ANALYZER_NONNULL = YES;
				CLANG_ANALYZER_NUMBER_OBJECT_CONVERSION = YES_AGGRESSIVE;
				CLANG_CXX_LANGUAGE_STANDARD = "gnu++14";
				CLANG_CXX_LIBRARY = "libc++";
				CLANG_ENABLE_MODULES = YES;
				CLANG_ENABLE_OBJC_ARC = YES;
				CLANG_ENABLE_OBJC_WEAK = YES;
				CLANG_WARN_BLOCK_CAPTURE_AUTORELEASING = YES;
				CLANG_WARN_BOOL_CONVERSION = YES;
				CLANG_WARN_COMMA = YES;
				CLANG_WARN_CONSTANT_CONVERSION = YES;
				CLANG_WARN_DEPRECATED_OBJC_IMPLEMENTATIONS = YES;
				CLANG_WARN_DIRECT_OBJC_ISA_USAGE = YES_ERROR;
				CLANG_WARN_DOCUMENTATION_COMMENTS = YES;
				CLANG_WARN_EMPTY_BODY = YES;
				CLANG_WARN_ENUM_CONVERSION = YES;
				CLANG_WARN_INFINITE_RECURSION = YES;
				CLANG_WARN_INT_CONVERSION = YES;
				CLANG_WARN_NON_LITERAL_NULL_CONVERSION = YES;
				CLANG_WARN_OBJC_IMPLICIT_RETAIN_SELF = YES;
				CLANG_WARN_OBJC_LITERAL_CONVERSION = YES;
				CLANG_WARN_OBJC_ROOT_CLASS = YES_ERROR;
				CLANG_WARN_QUOTED_INCLUDE_IN_FRAMEWORK_HEADER = YES;
				CLANG_WARN_RANGE_LOOP_ANALYSIS = YES;
				CLANG_WARN_STRICT_PROTOTYPES = YES;
				CLANG_WARN_SUSPICIOUS_MOVE = YES;
				CLANG_WARN_UNGUARDED_AVAILABILITY = YES_AGGRESSIVE;
				CLANG_WARN_UNREACHABLE_CODE = YES;
				CLANG_WARN__DUPLICATE_METHOD_MATCH = YES;
				COPY_PHASE_STRIP = NO;
				DEBUG_INFORMATION_FORMAT = dwarf;
				ENABLE_STRICT_OBJC_MSGSEND = YES;
				ENABLE_TESTABILITY = YES;
				GCC_C_LANGUAGE_STANDARD = gnu11;
				GCC_DYNAMIC_NO_PIC = NO;
				GCC_NO_COMMON_BLOCKS = YES;
				GCC_OPTIMIZATION_LEVEL = 0;
				GCC_PREPROCESSOR_DEFINITIONS = (
					"DEBUG=1",
					"$(inherited)",
				);
				GCC_WARN_64_TO_32_BIT_CONVERSION = YES;
				GCC_WARN_ABOUT_RETURN_TYPE = YES_ERROR;
				GCC_WARN_UNDECLARED_SELECTOR = YES;
				GCC_WARN_UNINITIALIZED_AUTOS = YES_AGGRESSIVE;
				GCC_WARN_UNUSED_FUNCTION = YES;
				GCC_WARN_UNUSED_VARIABLE = YES;
				IPHONEOS_DEPLOYMENT_TARGET = 14.2;
				MTL_ENABLE_DEBUG_INFO = INCLUDE_SOURCE;
				MTL_FAST_MATH = YES;
				ONLY_ACTIVE_ARCH = YES;
				SDKROOT = iphoneos;
				SWIFT_ACTIVE_COMPILATION_CONDITIONS = DEBUG;
				SWIFT_OPTIMIZATION_LEVEL = "-Onone";
			};
			name = Debug;
		};
		50ADCC5025E6754500B420E8 /* Release */ = {
			isa = XCBuildConfiguration;
			buildSettings = {
				ALWAYS_SEARCH_USER_PATHS = NO;
				CLANG_ANALYZER_NONNULL = YES;
				CLANG_ANALYZER_NUMBER_OBJECT_CONVERSION = YES_AGGRESSIVE;
				CLANG_CXX_LANGUAGE_STANDARD = "gnu++14";
				CLANG_CXX_LIBRARY = "libc++";
				CLANG_ENABLE_MODULES = YES;
				CLANG_ENABLE_OBJC_ARC = YES;
				CLANG_ENABLE_OBJC_WEAK = YES;
				CLANG_WARN_BLOCK_CAPTURE_AUTORELEASING = YES;
				CLANG_WARN_BOOL_CONVERSION = YES;
				CLANG_WARN_COMMA = YES;
				CLANG_WARN_CONSTANT_CONVERSION = YES;
				CLANG_WARN_DEPRECATED_OBJC_IMPLEMENTATIONS = YES;
				CLANG_WARN_DIRECT_OBJC_ISA_USAGE = YES_ERROR;
				CLANG_WARN_DOCUMENTATION_COMMENTS = YES;
				CLANG_WARN_EMPTY_BODY = YES;
				CLANG_WARN_ENUM_CONVERSION = YES;
				CLANG_WARN_INFINITE_RECURSION = YES;
				CLANG_WARN_INT_CONVERSION = YES;
				CLANG_WARN_NON_LITERAL_NULL_CONVERSION = YES;
				CLANG_WARN_OBJC_IMPLICIT_RETAIN_SELF = YES;
				CLANG_WARN_OBJC_LITERAL_CONVERSION = YES;
				CLANG_WARN_OBJC_ROOT_CLASS = YES_ERROR;
				CLANG_WARN_QUOTED_INCLUDE_IN_FRAMEWORK_HEADER = YES;
				CLANG_WARN_RANGE_LOOP_ANALYSIS = YES;
				CLANG_WARN_STRICT_PROTOTYPES = YES;
				CLANG_WARN_SUSPICIOUS_MOVE = YES;
				CLANG_WARN_UNGUARDED_AVAILABILITY = YES_AGGRESSIVE;
				CLANG_WARN_UNREACHABLE_CODE = YES;
				CLANG_WARN__DUPLICATE_METHOD_MATCH = YES;
				COPY_PHASE_STRIP = NO;
				DEBUG_INFORMATION_FORMAT = "dwarf-with-dsym";
				ENABLE_NS_ASSERTIONS = NO;
				ENABLE_STRICT_OBJC_MSGSEND = YES;
				GCC_C_LANGUAGE_STANDARD = gnu11;
				GCC_NO_COMMON_BLOCKS = YES;
				GCC_WARN_64_TO_32_BIT_CONVERSION = YES;
				GCC_WARN_ABOUT_RETURN_TYPE = YES_ERROR;
				GCC_WARN_UNDECLARED_SELECTOR = YES;
				GCC_WARN_UNINITIALIZED_AUTOS = YES_AGGRESSIVE;
				GCC_WARN_UNUSED_FUNCTION = YES;
				GCC_WARN_UNUSED_VARIABLE = YES;
				IPHONEOS_DEPLOYMENT_TARGET = 14.2;
				MTL_ENABLE_DEBUG_INFO = NO;
				MTL_FAST_MATH = YES;
				SDKROOT = iphoneos;
				SWIFT_COMPILATION_MODE = wholemodule;
				SWIFT_OPTIMIZATION_LEVEL = "-O";
				VALIDATE_PRODUCT = YES;
			};
			name = Release;
		};
		50ADCC5225E6754500B420E8 /* Debug */ = {
			isa = XCBuildConfiguration;
			buildSettings = {
				ASSETCATALOG_COMPILER_APPICON_NAME = AppIcon;
				ASSETCATALOG_COMPILER_GLOBAL_ACCENT_COLOR_NAME = AccentColor;
				CODE_SIGN_STYLE = Automatic;
				DEVELOPMENT_TEAM = 249L6T7PP6;
				INFOPLIST_FILE = MediaPlayer/Info.plist;
				IPHONEOS_DEPLOYMENT_TARGET = 13.0;
				LD_RUNPATH_SEARCH_PATHS = (
					"$(inherited)",
					"@executable_path/Frameworks",
				);
				PRODUCT_BUNDLE_IDENTIFIER = com.NikitinEgor.MediaPlayer;
				PRODUCT_NAME = "$(TARGET_NAME)";
				SWIFT_VERSION = 5.0;
				TARGETED_DEVICE_FAMILY = 1;
			};
			name = Debug;
		};
		50ADCC5325E6754500B420E8 /* Release */ = {
			isa = XCBuildConfiguration;
			buildSettings = {
				ASSETCATALOG_COMPILER_APPICON_NAME = AppIcon;
				ASSETCATALOG_COMPILER_GLOBAL_ACCENT_COLOR_NAME = AccentColor;
				CODE_SIGN_STYLE = Automatic;
				DEVELOPMENT_TEAM = 249L6T7PP6;
				INFOPLIST_FILE = MediaPlayer/Info.plist;
				IPHONEOS_DEPLOYMENT_TARGET = 13.0;
				LD_RUNPATH_SEARCH_PATHS = (
					"$(inherited)",
					"@executable_path/Frameworks",
				);
				PRODUCT_BUNDLE_IDENTIFIER = com.NikitinEgor.MediaPlayer;
				PRODUCT_NAME = "$(TARGET_NAME)";
				SWIFT_VERSION = 5.0;
				TARGETED_DEVICE_FAMILY = 1;
			};
			name = Release;
		};
/* End XCBuildConfiguration section */

/* Begin XCConfigurationList section */
		50ADCC3825E6753C00B420E8 /* Build configuration list for PBXProject "MediaPlayer" */ = {
			isa = XCConfigurationList;
			buildConfigurations = (
				50ADCC4F25E6754500B420E8 /* Debug */,
				50ADCC5025E6754500B420E8 /* Release */,
			);
			defaultConfigurationIsVisible = 0;
			defaultConfigurationName = Release;
		};
		50ADCC5125E6754500B420E8 /* Build configuration list for PBXNativeTarget "MediaPlayer" */ = {
			isa = XCConfigurationList;
			buildConfigurations = (
				50ADCC5225E6754500B420E8 /* Debug */,
				50ADCC5325E6754500B420E8 /* Release */,
			);
			defaultConfigurationIsVisible = 0;
			defaultConfigurationName = Release;
		};
/* End XCConfigurationList section */
	};
	rootObject = 50ADCC3525E6753C00B420E8 /* Project object */;
}
